// !$*UTF8*$!
{
	archiveVersion = 1;
	classes = {
	};
	objectVersion = 56;
	objects = {

/* Begin PBXBuildFile section */
		13061F732A36F68400DFC92C /* DataModel.swift in Sources */ = {isa = PBXBuildFile; fileRef = 13061F722A36F68400DFC92C /* DataModel.swift */; };
		135A952A2A30686F008DD65B /* AppDelegate.swift in Sources */ = {isa = PBXBuildFile; fileRef = 135A95292A30686F008DD65B /* AppDelegate.swift */; };
		135A952C2A30686F008DD65B /* SceneDelegate.swift in Sources */ = {isa = PBXBuildFile; fileRef = 135A952B2A30686F008DD65B /* SceneDelegate.swift */; };
		135A952E2A30686F008DD65B /* CasinoViewController.swift in Sources */ = {isa = PBXBuildFile; fileRef = 135A952D2A30686F008DD65B /* CasinoViewController.swift */; };
		135A95312A30686F008DD65B /* Main.storyboard in Resources */ = {isa = PBXBuildFile; fileRef = 135A952F2A30686F008DD65B /* Main.storyboard */; };
		135A95332A306870008DD65B /* Assets.xcassets in Resources */ = {isa = PBXBuildFile; fileRef = 135A95322A306870008DD65B /* Assets.xcassets */; };
		135A95362A306870008DD65B /* LaunchScreen.storyboard in Resources */ = {isa = PBXBuildFile; fileRef = 135A95342A306870008DD65B /* LaunchScreen.storyboard */; };
		135A953F2A30A1FB008DD65B /* casino.wav in Resources */ = {isa = PBXBuildFile; fileRef = 135A953E2A30A1FB008DD65B /* casino.wav */; };
/* End PBXBuildFile section */

/* Begin PBXFileReference section */
		13061F722A36F68400DFC92C /* DataModel.swift */ = {isa = PBXFileReference; lastKnownFileType = sourcecode.swift; path = DataModel.swift; sourceTree = "<group>"; };
		135A95262A30686F008DD65B /* CasinoWheel.app */ = {isa = PBXFileReference; explicitFileType = wrapper.application; includeInIndex = 0; path = CasinoWheel.app; sourceTree = BUILT_PRODUCTS_DIR; };
		135A95292A30686F008DD65B /* AppDelegate.swift */ = {isa = PBXFileReference; lastKnownFileType = sourcecode.swift; path = AppDelegate.swift; sourceTree = "<group>"; };
		135A952B2A30686F008DD65B /* SceneDelegate.swift */ = {isa = PBXFileReference; lastKnownFileType = sourcecode.swift; path = SceneDelegate.swift; sourceTree = "<group>"; };
		135A952D2A30686F008DD65B /* CasinoViewController.swift */ = {isa = PBXFileReference; lastKnownFileType = sourcecode.swift; path = CasinoViewController.swift; sourceTree = "<group>"; };
		135A95302A30686F008DD65B /* Base */ = {isa = PBXFileReference; lastKnownFileType = file.storyboard; name = Base; path = Base.lproj/Main.storyboard; sourceTree = "<group>"; };
		135A95322A306870008DD65B /* Assets.xcassets */ = {isa = PBXFileReference; lastKnownFileType = folder.assetcatalog; path = Assets.xcassets; sourceTree = "<group>"; };
		135A95352A306870008DD65B /* Base */ = {isa = PBXFileReference; lastKnownFileType = file.storyboard; name = Base; path = Base.lproj/LaunchScreen.storyboard; sourceTree = "<group>"; };
		135A95372A306870008DD65B /* Info.plist */ = {isa = PBXFileReference; lastKnownFileType = text.plist.xml; path = Info.plist; sourceTree = "<group>"; };
		135A953E2A30A1FB008DD65B /* casino.wav */ = {isa = PBXFileReference; lastKnownFileType = audio.wav; path = casino.wav; sourceTree = "<group>"; };
/* End PBXFileReference section */

/* Begin PBXFrameworksBuildPhase section */
		135A95232A30686F008DD65B /* Frameworks */ = {
			isa = PBXFrameworksBuildPhase;
			buildActionMask = 2147483647;
			files = (
			);
			runOnlyForDeploymentPostprocessing = 0;
		};
/* End PBXFrameworksBuildPhase section */

/* Begin PBXGroup section */
		13061F702A36F64A00DFC92C /* Controller */ = {
			isa = PBXGroup;
			children = (
				135A952D2A30686F008DD65B /* CasinoViewController.swift */,
			);
			path = Controller;
			sourceTree = "<group>";
		};
		13061F712A36F66500DFC92C /* Model */ = {
			isa = PBXGroup;
			children = (
				13061F722A36F68400DFC92C /* DataModel.swift */,
			);
			path = Model;
			sourceTree = "<group>";
		};
		135A951D2A30686F008DD65B = {
			isa = PBXGroup;
			children = (
				135A95282A30686F008DD65B /* CasinoWheel */,
				135A95272A30686F008DD65B /* Products */,
			);
			sourceTree = "<group>";
		};
		135A95272A30686F008DD65B /* Products */ = {
			isa = PBXGroup;
			children = (
				135A95262A30686F008DD65B /* CasinoWheel.app */,
			);
			name = Products;
			sourceTree = "<group>";
		};
		135A95282A30686F008DD65B /* CasinoWheel */ = {
			isa = PBXGroup;
			children = (
				13061F712A36F66500DFC92C /* Model */,
				135A953D2A30A0FE008DD65B /* Sounds */,
				135A95292A30686F008DD65B /* AppDelegate.swift */,
				135A952B2A30686F008DD65B /* SceneDelegate.swift */,
				13061F702A36F64A00DFC92C /* Controller */,
				135A952F2A30686F008DD65B /* Main.storyboard */,
				135A95322A306870008DD65B /* Assets.xcassets */,
				135A95342A306870008DD65B /* LaunchScreen.storyboard */,
				135A95372A306870008DD65B /* Info.plist */,
			);
			path = CasinoWheel;
			sourceTree = "<group>";
		};
		135A953D2A30A0FE008DD65B /* Sounds */ = {
			isa = PBXGroup;
			children = (
				135A953E2A30A1FB008DD65B /* casino.wav */,
			);
			path = Sounds;
			sourceTree = "<group>";
		};
/* End PBXGroup section */

/* Begin PBXNativeTarget section */
		135A95252A30686F008DD65B /* CasinoWheel */ = {
			isa = PBXNativeTarget;
			buildConfigurationList = 135A953A2A306870008DD65B /* Build configuration list for PBXNativeTarget "CasinoWheel" */;
			buildPhases = (
				135A95222A30686F008DD65B /* Sources */,
				135A95232A30686F008DD65B /* Frameworks */,
				135A95242A30686F008DD65B /* Resources */,
			);
			buildRules = (
			);
			dependencies = (
			);
			name = CasinoWheel;
			productName = CasinoWheel;
			productReference = 135A95262A30686F008DD65B /* CasinoWheel.app */;
			productType = "com.apple.product-type.application";
		};
/* End PBXNativeTarget section */

/* Begin PBXProject section */
		135A951E2A30686F008DD65B /* Project object */ = {
			isa = PBXProject;
			attributes = {
				BuildIndependentTargetsInParallel = 1;
				LastSwiftUpdateCheck = 1420;
				LastUpgradeCheck = 1420;
				TargetAttributes = {
					135A95252A30686F008DD65B = {
						CreatedOnToolsVersion = 14.2;
					};
				};
			};
			buildConfigurationList = 135A95212A30686F008DD65B /* Build configuration list for PBXProject "CasinoWheel" */;
			compatibilityVersion = "Xcode 14.0";
			developmentRegion = en;
			hasScannedForEncodings = 0;
			knownRegions = (
				en,
				Base,
			);
			mainGroup = 135A951D2A30686F008DD65B;
			productRefGroup = 135A95272A30686F008DD65B /* Products */;
			projectDirPath = "";
			projectRoot = "";
			targets = (
				135A95252A30686F008DD65B /* CasinoWheel */,
			);
		};
/* End PBXProject section */

/* Begin PBXResourcesBuildPhase section */
		135A95242A30686F008DD65B /* Resources */ = {
			isa = PBXResourcesBuildPhase;
			buildActionMask = 2147483647;
			files = (
				135A95362A306870008DD65B /* LaunchScreen.storyboard in Resources */,
				135A95332A306870008DD65B /* Assets.xcassets in Resources */,
				135A95312A30686F008DD65B /* Main.storyboard in Resources */,
				135A953F2A30A1FB008DD65B /* casino.wav in Resources */,
			);
			runOnlyForDeploymentPostprocessing = 0;
		};
/* End PBXResourcesBuildPhase section */

/* Begin PBXSourcesBuildPhase section */
		135A95222A30686F008DD65B /* Sources */ = {
			isa = PBXSourcesBuildPhase;
			buildActionMask = 2147483647;
			files = (
				135A952E2A30686F008DD65B /* CasinoViewController.swift in Sources */,
				13061F732A36F68400DFC92C /* DataModel.swift in Sources */,
				135A952A2A30686F008DD65B /* AppDelegate.swift in Sources */,
				135A952C2A30686F008DD65B /* SceneDelegate.swift in Sources */,
			);
			runOnlyForDeploymentPostprocessing = 0;
		};
/* End PBXSourcesBuildPhase section */

/* Begin PBXVariantGroup section */
		135A952F2A30686F008DD65B /* Main.storyboard */ = {
			isa = PBXVariantGroup;
			children = (
				135A95302A30686F008DD65B /* Base */,
			);
			name = Main.storyboard;
			sourceTree = "<group>";
		};
		135A95342A306870008DD65B /* LaunchScreen.storyboard */ = {
			isa = PBXVariantGroup;
			children = (
				135A95352A306870008DD65B /* Base */,
			);
			name = LaunchScreen.storyboard;
			sourceTree = "<group>";
		};
/* End PBXVariantGroup section */

/* Begin XCBuildConfiguration section */
		135A95382A306870008DD65B /* Debug */ = {
			isa = XCBuildConfiguration;
			buildSettings = {
				ALWAYS_SEARCH_USER_PATHS = NO;
				CLANG_ANALYZER_NONNULL = YES;
				CLANG_ANALYZER_NUMBER_OBJECT_CONVERSION = YES_AGGRESSIVE;
				CLANG_CXX_LANGUAGE_STANDARD = "gnu++20";
				CLANG_ENABLE_MODULES = YES;
				CLANG_ENABLE_OBJC_ARC = YES;
				CLANG_ENABLE_OBJC_WEAK = YES;
				CLANG_WARN_BLOCK_CAPTURE_AUTORELEASING = YES;
				CLANG_WARN_BOOL_CONVERSION = YES;
				CLANG_WARN_COMMA = YES;
				CLANG_WARN_CONSTANT_CONVERSION = YES;
				CLANG_WARN_DEPRECATED_OBJC_IMPLEMENTATIONS = YES;
				CLANG_WARN_DIRECT_OBJC_ISA_USAGE = YES_ERROR;
				CLANG_WARN_DOCUMENTATION_COMMENTS = YES;
				CLANG_WARN_EMPTY_BODY = YES;
				CLANG_WARN_ENUM_CONVERSION = YES;
				CLANG_WARN_INFINITE_RECURSION = YES;
				CLANG_WARN_INT_CONVERSION = YES;
				CLANG_WARN_NON_LITERAL_NULL_CONVERSION = YES;
				CLANG_WARN_OBJC_IMPLICIT_RETAIN_SELF = YES;
				CLANG_WARN_OBJC_LITERAL_CONVERSION = YES;
				CLANG_WARN_OBJC_ROOT_CLASS = YES_ERROR;
				CLANG_WARN_QUOTED_INCLUDE_IN_FRAMEWORK_HEADER = YES;
				CLANG_WARN_RANGE_LOOP_ANALYSIS = YES;
				CLANG_WARN_STRICT_PROTOTYPES = YES;
				CLANG_WARN_SUSPICIOUS_MOVE = YES;
				CLANG_WARN_UNGUARDED_AVAILABILITY = YES_AGGRESSIVE;
				CLANG_WARN_UNREACHABLE_CODE = YES;
				CLANG_WARN__DUPLICATE_METHOD_MATCH = YES;
				COPY_PHASE_STRIP = NO;
				DEBUG_INFORMATION_FORMAT = dwarf;
				ENABLE_STRICT_OBJC_MSGSEND = YES;
				ENABLE_TESTABILITY = YES;
				GCC_C_LANGUAGE_STANDARD = gnu11;
				GCC_DYNAMIC_NO_PIC = NO;
				GCC_NO_COMMON_BLOCKS = YES;
				GCC_OPTIMIZATION_LEVEL = 0;
				GCC_PREPROCESSOR_DEFINITIONS = (
					"DEBUG=1",
					"$(inherited)",
				);
				GCC_WARN_64_TO_32_BIT_CONVERSION = YES;
				GCC_WARN_ABOUT_RETURN_TYPE = YES_ERROR;
				GCC_WARN_UNDECLARED_SELECTOR = YES;
				GCC_WARN_UNINITIALIZED_AUTOS = YES_AGGRESSIVE;
				GCC_WARN_UNUSED_FUNCTION = YES;
				GCC_WARN_UNUSED_VARIABLE = YES;
				IPHONEOS_DEPLOYMENT_TARGET = 16.2;
				MTL_ENABLE_DEBUG_INFO = INCLUDE_SOURCE;
				MTL_FAST_MATH = YES;
				ONLY_ACTIVE_ARCH = YES;
				SDKROOT = iphoneos;
				SWIFT_ACTIVE_COMPILATION_CONDITIONS = DEBUG;
				SWIFT_OPTIMIZATION_LEVEL = "-Onone";
			};
			name = Debug;
		};
		135A95392A306870008DD65B /* Release */ = {
			isa = XCBuildConfiguration;
			buildSettings = {
				ALWAYS_SEARCH_USER_PATHS = NO;
				CLANG_ANALYZER_NONNULL = YES;
				CLANG_ANALYZER_NUMBER_OBJECT_CONVERSION = YES_AGGRESSIVE;
				CLANG_CXX_LANGUAGE_STANDARD = "gnu++20";
				CLANG_ENABLE_MODULES = YES;
				CLANG_ENABLE_OBJC_ARC = YES;
				CLANG_ENABLE_OBJC_WEAK = YES;
				CLANG_WARN_BLOCK_CAPTURE_AUTORELEASING = YES;
				CLANG_WARN_BOOL_CONVERSION = YES;
				CLANG_WARN_COMMA = YES;
				CLANG_WARN_CONSTANT_CONVERSION = YES;
				CLANG_WARN_DEPRECATED_OBJC_IMPLEMENTATIONS = YES;
				CLANG_WARN_DIRECT_OBJC_ISA_USAGE = YES_ERROR;
				CLANG_WARN_DOCUMENTATION_COMMENTS = YES;
				CLANG_WARN_EMPTY_BODY = YES;
				CLANG_WARN_ENUM_CONVERSION = YES;
				CLANG_WARN_INFINITE_RECURSION = YES;
				CLANG_WARN_INT_CONVERSION = YES;
				CLANG_WARN_NON_LITERAL_NULL_CONVERSION = YES;
				CLANG_WARN_OBJC_IMPLICIT_RETAIN_SELF = YES;
				CLANG_WARN_OBJC_LITERAL_CONVERSION = YES;
				CLANG_WARN_OBJC_ROOT_CLASS = YES_ERROR;
				CLANG_WARN_QUOTED_INCLUDE_IN_FRAMEWORK_HEADER = YES;
				CLANG_WARN_RANGE_LOOP_ANALYSIS = YES;
				CLANG_WARN_STRICT_PROTOTYPES = YES;
				CLANG_WARN_SUSPICIOUS_MOVE = YES;
				CLANG_WARN_UNGUARDED_AVAILABILITY = YES_AGGRESSIVE;
				CLANG_WARN_UNREACHABLE_CODE = YES;
				CLANG_WARN__DUPLICATE_METHOD_MATCH = YES;
				COPY_PHASE_STRIP = NO;
				DEBUG_INFORMATION_FORMAT = "dwarf-with-dsym";
				ENABLE_NS_ASSERTIONS = NO;
				ENABLE_STRICT_OBJC_MSGSEND = YES;
				GCC_C_LANGUAGE_STANDARD = gnu11;
				GCC_NO_COMMON_BLOCKS = YES;
				GCC_WARN_64_TO_32_BIT_CONVERSION = YES;
				GCC_WARN_ABOUT_RETURN_TYPE = YES_ERROR;
				GCC_WARN_UNDECLARED_SELECTOR = YES;
				GCC_WARN_UNINITIALIZED_AUTOS = YES_AGGRESSIVE;
				GCC_WARN_UNUSED_FUNCTION = YES;
				GCC_WARN_UNUSED_VARIABLE = YES;
				IPHONEOS_DEPLOYMENT_TARGET = 16.2;
				MTL_ENABLE_DEBUG_INFO = NO;
				MTL_FAST_MATH = YES;
				SDKROOT = iphoneos;
				SWIFT_COMPILATION_MODE = wholemodule;
				SWIFT_OPTIMIZATION_LEVEL = "-O";
				VALIDATE_PRODUCT = YES;
			};
			name = Release;
		};
		135A953B2A306870008DD65B /* Debug */ = {
			isa = XCBuildConfiguration;
			buildSettings = {
				ASSETCATALOG_COMPILER_APPICON_NAME = AppIcon;
				ASSETCATALOG_COMPILER_GLOBAL_ACCENT_COLOR_NAME = AccentColor;
				ASSETCATALOG_COMPILER_INCLUDE_ALL_APPICON_ASSETS = YES;
				CODE_SIGN_STYLE = Automatic;
				CURRENT_PROJECT_VERSION = 1;
				DEVELOPMENT_TEAM = 3EGXVN72T4;
				GENERATE_INFOPLIST_FILE = YES;
				INFOPLIST_FILE = CasinoWheel/Info.plist;
				INFOPLIST_KEY_UIApplicationSupportsIndirectInputEvents = YES;
				INFOPLIST_KEY_UILaunchStoryboardName = LaunchScreen;
				INFOPLIST_KEY_UIMainStoryboardFile = Main;
				INFOPLIST_KEY_UISupportedInterfaceOrientations_iPad = "UIInterfaceOrientationPortrait UIInterfaceOrientationPortraitUpsideDown UIInterfaceOrientationLandscapeLeft UIInterfaceOrientationLandscapeRight";
				INFOPLIST_KEY_UISupportedInterfaceOrientations_iPhone = "UIInterfaceOrientationPortrait UIInterfaceOrientationLandscapeLeft UIInterfaceOrientationLandscapeRight";
				LD_RUNPATH_SEARCH_PATHS = (
					"$(inherited)",
					"@executable_path/Frameworks",
				);
				MARKETING_VERSION = 1.0;
				PRODUCT_BUNDLE_IDENTIFIER = com.iphtechnologies.CasinoWheel;
				PRODUCT_NAME = "$(TARGET_NAME)";
				SWIFT_EMIT_LOC_STRINGS = YES;
				SWIFT_VERSION = 5.0;
				TARGETED_DEVICE_FAMILY = "1,2";
			};
			name = Debug;
		};
		135A953C2A306870008DD65B /* Release */ = {
			isa = XCBuildConfiguration;
			buildSettings = {
				ASSETCATALOG_COMPILER_APPICON_NAME = AppIcon;
				ASSETCATALOG_COMPILER_GLOBAL_ACCENT_COLOR_NAME = AccentColor;
				ASSETCATALOG_COMPILER_INCLUDE_ALL_APPICON_ASSETS = YES;
				CODE_SIGN_STYLE = Automatic;
				CURRENT_PROJECT_VERSION = 1;
				DEVELOPMENT_TEAM = 3EGXVN72T4;
				GENERATE_INFOPLIST_FILE = YES;
				INFOPLIST_FILE = CasinoWheel/Info.plist;
				INFOPLIST_KEY_UIApplicationSupportsIndirectInputEvents = YES;
				INFOPLIST_KEY_UILaunchStoryboardName = LaunchScreen;
				INFOPLIST_KEY_UIMainStoryboardFile = Main;
				INFOPLIST_KEY_UISupportedInterfaceOrientations_iPad = "UIInterfaceOrientationPortrait UIInterfaceOrientationPortraitUpsideDown UIInterfaceOrientationLandscapeLeft UIInterfaceOrientationLandscapeRight";
				INFOPLIST_KEY_UISupportedInterfaceOrientations_iPhone = "UIInterfaceOrientationPortrait UIInterfaceOrientationLandscapeLeft UIInterfaceOrientationLandscapeRight";
				LD_RUNPATH_SEARCH_PATHS = (
					"$(inherited)",
					"@executable_path/Frameworks",
				);
				MARKETING_VERSION = 1.0;
				PRODUCT_BUNDLE_IDENTIFIER = com.iphtechnologies.CasinoWheel;
				PRODUCT_NAME = "$(TARGET_NAME)";
				SWIFT_EMIT_LOC_STRINGS = YES;
				SWIFT_VERSION = 5.0;
				TARGETED_DEVICE_FAMILY = "1,2";
			};
			name = Release;
		};
/* End XCBuildConfiguration section */

/* Begin XCConfigurationList section */
		135A95212A30686F008DD65B /* Build configuration list for PBXProject "CasinoWheel" */ = {
			isa = XCConfigurationList;
			buildConfigurations = (
				135A95382A306870008DD65B /* Debug */,
				135A95392A306870008DD65B /* Release */,
			);
			defaultConfigurationIsVisible = 0;
			defaultConfigurationName = Release;
		};
		135A953A2A306870008DD65B /* Build configuration list for PBXNativeTarget "CasinoWheel" */ = {
			isa = XCConfigurationList;
			buildConfigurations = (
				135A953B2A306870008DD65B /* Debug */,
				135A953C2A306870008DD65B /* Release */,
			);
			defaultConfigurationIsVisible = 0;
			defaultConfigurationName = Release;
		};
/* End XCConfigurationList section */
	};
	rootObject = 135A951E2A30686F008DD65B /* Project object */;
}
